
Microsoft Visual Studio Solution File, Format Version 12.00
# Visual Studio 2013
VisualStudioVersion = 12.0.40629.0
MinimumVisualStudioVersion = 10.0.40219.1
Project("{FAE04EC0-301F-11D3-BF4B-00C04F79EFBC}") = "爬虫", "爬虫\爬虫.csproj", "{4148866C-5761-4CA4-85DE-A3DAA9944A66}"
EndProject
Project("{FAE04EC0-301F-11D3-BF4B-00C04F79EFBC}") = "提取信息", "提取信息\提取信息.csproj", "{DDC34A2A-78F7-4E29-B00C-11FD9E35A061}"
EndProject
Project("{FAE04EC0-301F-11D3-BF4B-00C04F79EFBC}") = "上传信息", "上传信息\上传信息.csproj", "{BF9A3E9B-E2AC-49C0-8D19-D0DF4ABCE914}"
EndProject
Global
	GlobalSection(SolutionConfigurationPlatforms) = preSolution
		Debug|Any CPU = Debug|Any CPU
		Release|Any CPU = Release|Any CPU
	EndGlobalSection
	GlobalSection(ProjectConfigurationPlatforms) = postSolution
		{4148866C-5761-4CA4-85DE-A3DAA9944A66}.Debug|Any CPU.ActiveCfg = Debug|Any CPU
		{4148866C-5761-4CA4-85DE-A3DAA9944A66}.Debug|Any CPU.Build.0 = Debug|Any CPU
		{4148866C-5761-4CA4-85DE-A3DAA9944A66}.Release|Any CPU.ActiveCfg = Release|Any CPU
		{4148866C-5761-4CA4-85DE-A3DAA9944A66}.Release|Any CPU.Build.0 = Release|Any CPU
		{DDC34A2A-78F7-4E29-B00C-11FD9E35A061}.Debug|Any CPU.ActiveCfg = Debug|Any CPU
		{DDC34A2A-78F7-4E29-B00C-11FD9E35A061}.Debug|Any CPU.Build.0 = Debug|Any CPU
		{DDC34A2A-78F7-4E29-B00C-11FD9E35A061}.Release|Any CPU.ActiveCfg = Release|Any CPU
		{DDC34A2A-78F7-4E29-B00C-11FD9E35A061}.Release|Any CPU.Build.0 = Release|Any CPU
		{BF9A3E9B-E2AC-49C0-8D19-D0DF4ABCE914}.Debug|Any CPU.ActiveCfg = Debug|Any CPU
		{BF9A3E9B-E2AC-49C0-8D19-D0DF4ABCE914}.Debug|Any CPU.Build.0 = Debug|Any CPU
		{BF9A3E9B-E2AC-49C0-8D19-D0DF4ABCE914}.Release|Any CPU.ActiveCfg = Release|Any CPU
		{BF9A3E9B-E2AC-49C0-8D19-D0DF4ABCE914}.Release|Any CPU.Build.0 = Release|Any CPU
	EndGlobalSection
	GlobalSection(SolutionProperties) = preSolution
		HideSolutionNode = FALSE
	EndGlobalSection
EndGlobal
